
Microsoft Visual Studio Solution File, Format Version 12.00
# Visual Studio 15
VisualStudioVersion = 15.0.26730.12
MinimumVisualStudioVersion = 10.0.40219.1
Project("{9A19103F-16F7-4668-BE54-9A1E7A4F7556}") = "SnappetChallenge", "code\SnappetChallenge.csproj", "{744FBBD4-2E3F-4959-9C8E-BDB5F9186E4E}"
EndProject
Project("{9A19103F-16F7-4668-BE54-9A1E7A4F7556}") = "SnappetChallengeTests", "tests\SnappetChallengeTests.csproj", "{F14E722C-ED67-4642-B53A-67707B505C7F}"
EndProject
Global
	GlobalSection(SolutionConfigurationPlatforms) = preSolution
		Debug|Any CPU = Debug|Any CPU
		Release|Any CPU = Release|Any CPU
	EndGlobalSection
	GlobalSection(ProjectConfigurationPlatforms) = postSolution
		{744FBBD4-2E3F-4959-9C8E-BDB5F9186E4E}.Debug|Any CPU.ActiveCfg = Debug|Any CPU
		{744FBBD4-2E3F-4959-9C8E-BDB5F9186E4E}.Debug|Any CPU.Build.0 = Debug|Any CPU
		{744FBBD4-2E3F-4959-9C8E-BDB5F9186E4E}.Release|Any CPU.ActiveCfg = Release|Any CPU
		{744FBBD4-2E3F-4959-9C8E-BDB5F9186E4E}.Release|Any CPU.Build.0 = Release|Any CPU
		{F14E722C-ED67-4642-B53A-67707B505C7F}.Debug|Any CPU.ActiveCfg = Debug|Any CPU
		{F14E722C-ED67-4642-B53A-67707B505C7F}.Debug|Any CPU.Build.0 = Debug|Any CPU
		{F14E722C-ED67-4642-B53A-67707B505C7F}.Release|Any CPU.ActiveCfg = Release|Any CPU
		{F14E722C-ED67-4642-B53A-67707B505C7F}.Release|Any CPU.Build.0 = Release|Any CPU
	EndGlobalSection
	GlobalSection(SolutionProperties) = preSolution
		HideSolutionNode = FALSE
	EndGlobalSection
	GlobalSection(ExtensibilityGlobals) = postSolution
		SolutionGuid = {2600091D-8CC0-4F2A-AF29-23CFFBCA6E15}
	EndGlobalSection
EndGlobal
